
Microsoft Visual Studio Solution File, Format Version 12.00
# Visual Studio 15
VisualStudioVersion = 15.0.27703.2035
MinimumVisualStudioVersion = 10.0.40219.1
Project("{FAE04EC0-301F-11D3-BF4B-00C04F79EFBC}") = "PIT-tela-de-login", "PIT-tela-de-login\PIT-tela-de-login.csproj", "{6B330D95-3B28-49CA-AFE4-2414CFEECF6A}"
EndProject
Global
	GlobalSection(SolutionConfigurationPlatforms) = preSolution
		Debug|Any CPU = Debug|Any CPU
		Release|Any CPU = Release|Any CPU
	EndGlobalSection
	GlobalSection(ProjectConfigurationPlatforms) = postSolution
		{6B330D95-3B28-49CA-AFE4-2414CFEECF6A}.Debug|Any CPU.ActiveCfg = Debug|Any CPU
		{6B330D95-3B28-49CA-AFE4-2414CFEECF6A}.Debug|Any CPU.Build.0 = Debug|Any CPU
		{6B330D95-3B28-49CA-AFE4-2414CFEECF6A}.Release|Any CPU.ActiveCfg = Release|Any CPU
		{6B330D95-3B28-49CA-AFE4-2414CFEECF6A}.Release|Any CPU.Build.0 = Release|Any CPU
	EndGlobalSection
	GlobalSection(SolutionProperties) = preSolution
		HideSolutionNode = FALSE
	EndGlobalSection
	GlobalSection(ExtensibilityGlobals) = postSolution
		SolutionGuid = {C109AAB4-3BA9-440C-9798-13A9E3C23ED4}
	EndGlobalSection
EndGlobal
